<?xml version="1.0" encoding="UTF-8" standalone="yes" ?>
<CodeBlocks_project_file>
	<FileVersion major="1" minor="6" />
	<Project>
		<Option title="CLite" />
		<Option pch_mode="2" />
		<Option compiler="gcc" />
		<Build>
			<Target title="Debug">
				<Option output="bin\DebugGcc\CLite" prefix_auto="1" extension_auto="1" />
				<Option object_output="obj\DebugGcc\" />
				<Option type="1" />
				<Option compiler="gcc" />
				<Option parameters="-l java blah.c" />
				<Compiler>
					<Add option="-g" />
					<Add option="-DG_ENABLE_SLOW_ASSERT" />
				</Compiler>
			</Target>
			<Target title="Release">
				<Option output="bin\ReleaseGcc\CLite" prefix_auto="1" extension_auto="1" />
				<Option object_output="obj\ReleaseGcc\" />
				<Option type="1" />
				<Option compiler="gcc" />
				<Compiler>
					<Add option="-O2" />
					<Add option="-DNDEBUG" />
				</Compiler>
				<Linker>
					<Add option="-s" />
				</Linker>
			</Target>
		</Build>
		<Compiler>
			<Add option="-Wall" />
		</Compiler>
		<Unit filename="clite.c">
			<Option compilerVar="CC" />
		</Unit>
		<Unit filename="lutils.h" />
		<Unit filename="tests.c">
			<Option compilerVar="CC" />
			<Option compile="0" />
			<Option link="0" />
		</Unit>
		<Extensions>
			<code_completion />
			<envvars />
			<debugger />
			<lib_finder disable_auto="1" />
		</Extensions>
	</Project>
</CodeBlocks_project_file>
